
Microsoft Visual Studio Solution File, Format Version 12.00
# Visual Studio Version 16
VisualStudioVersion = 16.0.30114.105
MinimumVisualStudioVersion = 10.0.40219.1
Project("{FAE04EC0-301F-11D3-BF4B-00C04F79EFBC}") = "ViTrine", "ViTrine\ViTrine.csproj", "{FB623E9A-2BF3-4244-9DED-40CE67B02B59}"
EndProject
Global
	GlobalSection(SolutionConfigurationPlatforms) = preSolution
		Debug|Any CPU = Debug|Any CPU
		Release|Any CPU = Release|Any CPU
	EndGlobalSection
	GlobalSection(ProjectConfigurationPlatforms) = postSolution
		{FB623E9A-2BF3-4244-9DED-40CE67B02B59}.Debug|Any CPU.ActiveCfg = Debug|Any CPU
		{FB623E9A-2BF3-4244-9DED-40CE67B02B59}.Debug|Any CPU.Build.0 = Debug|Any CPU
		{FB623E9A-2BF3-4244-9DED-40CE67B02B59}.Release|Any CPU.ActiveCfg = Release|Any CPU
		{FB623E9A-2BF3-4244-9DED-40CE67B02B59}.Release|Any CPU.Build.0 = Release|Any CPU
	EndGlobalSection
	GlobalSection(SolutionProperties) = preSolution
		HideSolutionNode = FALSE
	EndGlobalSection
	GlobalSection(ExtensibilityGlobals) = postSolution
		SolutionGuid = {F8373653-9A87-41D0-97E8-F444D756852A}
	EndGlobalSection
EndGlobal
